
Microsoft Visual Studio Solution File, Format Version 12.00
# Visual Studio Version 16
VisualStudioVersion = 16.0.31129.286
MinimumVisualStudioVersion = 10.0.40219.1
Project("{FAE04EC0-301F-11D3-BF4B-00C04F79EFBC}") = "Streamish", "Streamish\Streamish.csproj", "{F78A5DA5-1723-446B-A9FF-A94D97F08A77}"
EndProject
Global
	GlobalSection(SolutionConfigurationPlatforms) = preSolution
		Debug|Any CPU = Debug|Any CPU
		Release|Any CPU = Release|Any CPU
	EndGlobalSection
	GlobalSection(ProjectConfigurationPlatforms) = postSolution
		{F78A5DA5-1723-446B-A9FF-A94D97F08A77}.Debug|Any CPU.ActiveCfg = Debug|Any CPU
		{F78A5DA5-1723-446B-A9FF-A94D97F08A77}.Debug|Any CPU.Build.0 = Debug|Any CPU
		{F78A5DA5-1723-446B-A9FF-A94D97F08A77}.Release|Any CPU.ActiveCfg = Release|Any CPU
		{F78A5DA5-1723-446B-A9FF-A94D97F08A77}.Release|Any CPU.Build.0 = Release|Any CPU
	EndGlobalSection
	GlobalSection(SolutionProperties) = preSolution
		HideSolutionNode = FALSE
	EndGlobalSection
	GlobalSection(ExtensibilityGlobals) = postSolution
		SolutionGuid = {BF5688A5-EA59-49BB-8010-13D4C2FB6DF8}
	EndGlobalSection
EndGlobal
